// !$*UTF8*$!
{
	archiveVersion = 1;
	classes = {
	};
	objectVersion = 46;
	objects = {

/* Begin PBXBuildFile section */
		3201088596B4756681693705 /* libThree20UICommon.a in Frameworks */ = {isa = PBXBuildFile; fileRef = 3201088596B4756681693704 /* libThree20UICommon.a */; };
		320A2827FEC940B25BC42C65 /* libThree20Core.a in Frameworks */ = {isa = PBXBuildFile; fileRef = 320A2827FEC940B25BC42C64 /* libThree20Core.a */; };
		320A5A189C235877202780D5 /* libThree20Network.a in Frameworks */ = {isa = PBXBuildFile; fileRef = 320A5A189C235877202780D4 /* libThree20Network.a */; };
		320A737074758E53BA54BE95 /* libThree20UINavigator.a in Frameworks */ = {isa = PBXBuildFile; fileRef = 320A737074758E53BA54BE94 /* libThree20UINavigator.a */; };
		320AF8492C47A4D819F7C451 /* QuartzCore.framework in Frameworks */ = {isa = PBXBuildFile; fileRef = 320AF8492C47A4D819F7C450 /* QuartzCore.framework */; };
		320B6C86F11D9990244A9731 /* Three20.bundle in Resources */ = {isa = PBXBuildFile; fileRef = 320B6C86F11D9990244A9730 /* Three20.bundle */; };
		320CC833B8AF0ACFD35E6225 /* libThree20Style.a in Frameworks */ = {isa = PBXBuildFile; fileRef = 320CC833B8AF0ACFD35E6224 /* libThree20Style.a */; };
		320D7DCCE32703ACAB9A45E5 /* libThree20.a in Frameworks */ = {isa = PBXBuildFile; fileRef = 320D7DCCE32703ACAB9A45E4 /* libThree20.a */; };
		320F2C48872C2E2C4DF86205 /* libThree20UI.a in Frameworks */ = {isa = PBXBuildFile; fileRef = 320F2C48872C2E2C4DF86204 /* libThree20UI.a */; };
		A91AE51516F0ADB600627068 /* SelectorTableViewDelegate.m in Sources */ = {isa = PBXBuildFile; fileRef = A91AE51416F0ADB600627068 /* SelectorTableViewDelegate.m */; };
		A91AE51816F0BA5000627068 /* MenuSectionReciverCell.m in Sources */ = {isa = PBXBuildFile; fileRef = A91AE51716F0BA5000627068 /* MenuSectionReciverCell.m */; };
		A91AE54616F0BE0700627068 /* MenuSectionReciverCell.m in Sources */ = {isa = PBXBuildFile; fileRef = A91AE51716F0BA5000627068 /* MenuSectionReciverCell.m */; };
		A91AE54716F0BE0C00627068 /* UIView+YIFullScreenScroll.m in Sources */ = {isa = PBXBuildFile; fileRef = A955897216EF24EF0007E1A5 /* UIView+YIFullScreenScroll.m */; };
		A9338DCA16EDAA2C00033194 /* UIButtonBarSearch@2x.png in Resources */ = {isa = PBXBuildFile; fileRef = A9338DC916EDAA2C00033194 /* UIButtonBarSearch@2x.png */; };
		A9338DD216EDB41E00033194 /* facebook.png in Resources */ = {isa = PBXBuildFile; fileRef = A9338DCC16EDB41E00033194 /* facebook.png */; };
		A9338DD316EDB41E00033194 /* facebook@2x.png in Resources */ = {isa = PBXBuildFile; fileRef = A9338DCD16EDB41E00033194 /* facebook@2x.png */; };
		A9338DD416EDB41E00033194 /* mail.png in Resources */ = {isa = PBXBuildFile; fileRef = A9338DCE16EDB41E00033194 /* mail.png */; };
		A9338DD516EDB41E00033194 /* mail@2x.png in Resources */ = {isa = PBXBuildFile; fileRef = A9338DCF16EDB41E00033194 /* mail@2x.png */; };
		A9338DD616EDB41E00033194 /* twitter.png in Resources */ = {isa = PBXBuildFile; fileRef = A9338DD016EDB41E00033194 /* twitter.png */; };
		A9338DD716EDB41E00033194 /* twitter@2x.png in Resources */ = {isa = PBXBuildFile; fileRef = A9338DD116EDB41E00033194 /* twitter@2x.png */; };
		A955894316EECAFD0007E1A5 /* ModalGroupController.m in Sources */ = {isa = PBXBuildFile; fileRef = A955894216EECAFD0007E1A5 /* ModalGroupController.m */; };
		A955896016EF0DCF0007E1A5 /* ICMenuTableSection.m in Sources */ = {isa = PBXBuildFile; fileRef = A955895F16EF0DCF0007E1A5 /* ICMenuTableSection.m */; };
		A955896616EF19530007E1A5 /* ICMenuTableDatasource.m in Sources */ = {isa = PBXBuildFile; fileRef = A955896516EF19530007E1A5 /* ICMenuTableDatasource.m */; };
		A955896A16EF1BC10007E1A5 /* ReciverVo.m in Sources */ = {isa = PBXBuildFile; fileRef = A955896916EF1BC10007E1A5 /* ReciverVo.m */; };
		A955896D16EF1EBF0007E1A5 /* BaseValueObject.m in Sources */ = {isa = PBXBuildFile; fileRef = A955896C16EF1EBF0007E1A5 /* BaseValueObject.m */; };
		A955897016EF1FBE0007E1A5 /* FullScreenScrollViewDelegate.m in Sources */ = {isa = PBXBuildFile; fileRef = A955896F16EF1FBE0007E1A5 /* FullScreenScrollViewDelegate.m */; };
		A955897316EF24EF0007E1A5 /* UIView+YIFullScreenScroll.m in Sources */ = {isa = PBXBuildFile; fileRef = A955897216EF24EF0007E1A5 /* UIView+YIFullScreenScroll.m */; };
		A956055D16EC492A00404D15 /* UIKit.framework in Frameworks */ = {isa = PBXBuildFile; fileRef = A956055C16EC492A00404D15 /* UIKit.framework */; };
		A956055F16EC492A00404D15 /* Foundation.framework in Frameworks */ = {isa = PBXBuildFile; fileRef = A956055E16EC492A00404D15 /* Foundation.framework */; };
		A956056116EC492A00404D15 /* CoreGraphics.framework in Frameworks */ = {isa = PBXBuildFile; fileRef = A956056016EC492A00404D15 /* CoreGraphics.framework */; };
		A956056716EC492A00404D15 /* InfoPlist.strings in Resources */ = {isa = PBXBuildFile; fileRef = A956056516EC492A00404D15 /* InfoPlist.strings */; };
		A956056916EC492A00404D15 /* main.m in Sources */ = {isa = PBXBuildFile; fileRef = A956056816EC492A00404D15 /* main.m */; };
		A956056D16EC492A00404D15 /* AppDelegate.m in Sources */ = {isa = PBXBuildFile; fileRef = A956056C16EC492A00404D15 /* AppDelegate.m */; };
		A956056F16EC492A00404D15 /* Default.png in Resources */ = {isa = PBXBuildFile; fileRef = A956056E16EC492A00404D15 /* Default.png */; };
		A956057116EC492A00404D15 /* Default@2x.png in Resources */ = {isa = PBXBuildFile; fileRef = A956057016EC492A00404D15 /* Default@2x.png */; };
		A956057316EC492A00404D15 /* Default-568h@2x.png in Resources */ = {isa = PBXBuildFile; fileRef = A956057216EC492A00404D15 /* Default-568h@2x.png */; };
		A956057616EC492A00404D15 /* MasterViewController.m in Sources */ = {isa = PBXBuildFile; fileRef = A956057516EC492A00404D15 /* MasterViewController.m */; };
		A956057916EC492A00404D15 /* DetailViewController.m in Sources */ = {isa = PBXBuildFile; fileRef = A956057816EC492A00404D15 /* DetailViewController.m */; };
		A956057C16EC492A00404D15 /* MasterViewController.xib in Resources */ = {isa = PBXBuildFile; fileRef = A956057A16EC492A00404D15 /* MasterViewController.xib */; };
		A956057F16EC492A00404D15 /* DetailViewController.xib in Resources */ = {isa = PBXBuildFile; fileRef = A956057D16EC492A00404D15 /* DetailViewController.xib */; };
		A956058716EC492A00404D15 /* SenTestingKit.framework in Frameworks */ = {isa = PBXBuildFile; fileRef = A956058616EC492A00404D15 /* SenTestingKit.framework */; };
		A956058816EC492A00404D15 /* UIKit.framework in Frameworks */ = {isa = PBXBuildFile; fileRef = A956055C16EC492A00404D15 /* UIKit.framework */; };
		A956058916EC492A00404D15 /* Foundation.framework in Frameworks */ = {isa = PBXBuildFile; fileRef = A956055E16EC492A00404D15 /* Foundation.framework */; };
		A956059116EC492A00404D15 /* InfoPlist.strings in Resources */ = {isa = PBXBuildFile; fileRef = A956058F16EC492A00404D15 /* InfoPlist.strings */; };
		A956059416EC492B00404D15 /* ModalGroupContactsTests.m in Sources */ = {isa = PBXBuildFile; fileRef = A956059316EC492B00404D15 /* ModalGroupContactsTests.m */; };
		A956059F16EC745A00404D15 /* SearchBar.m in Sources */ = {isa = PBXBuildFile; fileRef = A956059E16EC745A00404D15 /* SearchBar.m */; };
		A95605A116EC74B100404D15 /* QuartzCore.framework in Frameworks */ = {isa = PBXBuildFile; fileRef = A95605A016EC74B100404D15 /* QuartzCore.framework */; };
		A95605A416EC7CB200404D15 /* TestTargetController.m in Sources */ = {isa = PBXBuildFile; fileRef = A95605A316EC7CB200404D15 /* TestTargetController.m */; };
/* End PBXBuildFile section */

/* Begin PBXContainerItemProxy section */
		3201088596B4756681693702 /* PBXContainerItemProxy */ = {
			isa = PBXContainerItemProxy;
			containerPortal = 3201088596B4756681693700 /* Three20UICommon.xcodeproj */;
			proxyType = 1;
			remoteGlobalIDString = BEF31F390F352DF5000DE5D2;
			remoteInfo = Three20UICommon;
		};
		3201088596B4756681693706 /* PBXContainerItemProxy */ = {
			isa = PBXContainerItemProxy;
			containerPortal = 3201088596B4756681693700 /* Three20UICommon.xcodeproj */;
			proxyType = 2;
			remoteGlobalIDString = BEF31F3A0F352DF5000DE5D2;
			remoteInfo = Three20UICommon;
		};
		320A2827FEC940B25BC42C62 /* PBXContainerItemProxy */ = {
			isa = PBXContainerItemProxy;
			containerPortal = 320A2827FEC940B25BC42C60 /* Three20Core.xcodeproj */;
			proxyType = 1;
			remoteGlobalIDString = BEF31F390F352DF5000DE5D2;
			remoteInfo = Three20Core;
		};
		320A2827FEC940B25BC42C66 /* PBXContainerItemProxy */ = {
			isa = PBXContainerItemProxy;
			containerPortal = 320A2827FEC940B25BC42C60 /* Three20Core.xcodeproj */;
			proxyType = 2;
			remoteGlobalIDString = BEF31F3A0F352DF5000DE5D2;
			remoteInfo = Three20Core;
		};
		320A5A189C235877202780D2 /* PBXContainerItemProxy */ = {
			isa = PBXContainerItemProxy;
			containerPortal = 320A5A189C235877202780D0 /* Three20Network.xcodeproj */;
			proxyType = 1;
			remoteGlobalIDString = BEF31F390F352DF5000DE5D2;
			remoteInfo = Three20Network;
		};
		320A5A189C235877202780D6 /* PBXContainerItemProxy */ = {
			isa = PBXContainerItemProxy;
			containerPortal = 320A5A189C235877202780D0 /* Three20Network.xcodeproj */;
			proxyType = 2;
			remoteGlobalIDString = BEF31F3A0F352DF5000DE5D2;
			remoteInfo = Three20Network;
		};
		320A737074758E53BA54BE92 /* PBXContainerItemProxy */ = {
			isa = PBXContainerItemProxy;
			containerPortal = 320A737074758E53BA54BE90 /* Three20UINavigator.xcodeproj */;
			proxyType = 1;
			remoteGlobalIDString = BEF31F390F352DF5000DE5D2;
			remoteInfo = Three20UINavigator;
		};
		320A737074758E53BA54BE96 /* PBXContainerItemProxy */ = {
			isa = PBXContainerItemProxy;
			containerPortal = 320A737074758E53BA54BE90 /* Three20UINavigator.xcodeproj */;
			proxyType = 2;
			remoteGlobalIDString = BEF31F3A0F352DF5000DE5D2;
			remoteInfo = Three20UINavigator;
		};
		320CC833B8AF0ACFD35E6222 /* PBXContainerItemProxy */ = {
			isa = PBXContainerItemProxy;
			containerPortal = 320CC833B8AF0ACFD35E6220 /* Three20Style.xcodeproj */;
			proxyType = 1;
			remoteGlobalIDString = BEF31F390F352DF5000DE5D2;
			remoteInfo = Three20Style;
		};
		320CC833B8AF0ACFD35E6226 /* PBXContainerItemProxy */ = {
			isa = PBXContainerItemProxy;
			containerPortal = 320CC833B8AF0ACFD35E6220 /* Three20Style.xcodeproj */;
			proxyType = 2;
			remoteGlobalIDString = BEF31F3A0F352DF5000DE5D2;
			remoteInfo = Three20Style;
		};
		320D7DCCE32703ACAB9A45E2 /* PBXContainerItemProxy */ = {
			isa = PBXContainerItemProxy;
			containerPortal = 320D7DCCE32703ACAB9A45E0 /* Three20.xcodeproj */;
			proxyType = 1;
			remoteGlobalIDString = BEF31F390F352DF5000DE5D2;
			remoteInfo = Three20;
		};
		320D7DCCE32703ACAB9A45E6 /* PBXContainerItemProxy */ = {
			isa = PBXContainerItemProxy;
			containerPortal = 320D7DCCE32703ACAB9A45E0 /* Three20.xcodeproj */;
			proxyType = 2;
			remoteGlobalIDString = BEF31F3A0F352DF5000DE5D2;
			remoteInfo = Three20;
		};
		320F2C48872C2E2C4DF86202 /* PBXContainerItemProxy */ = {
			isa = PBXContainerItemProxy;
			containerPortal = 320F2C48872C2E2C4DF86200 /* Three20UI.xcodeproj */;
			proxyType = 1;
			remoteGlobalIDString = BEF31F390F352DF5000DE5D2;
			remoteInfo = Three20UI;
		};
		320F2C48872C2E2C4DF86206 /* PBXContainerItemProxy */ = {
			isa = PBXContainerItemProxy;
			containerPortal = 320F2C48872C2E2C4DF86200 /* Three20UI.xcodeproj */;
			proxyType = 2;
			remoteGlobalIDString = BEF31F3A0F352DF5000DE5D2;
			remoteInfo = Three20UI;
		};
		A91AE53216F0BD1E00627068 /* PBXContainerItemProxy */ = {
			isa = PBXContainerItemProxy;
			containerPortal = 320D7DCCE32703ACAB9A45E0 /* Three20.xcodeproj */;
			proxyType = 2;
			remoteGlobalIDString = EB9E6C6210B6A8F800DE563C;
			remoteInfo = Three20UnitTests;
		};
		A91AE53516F0BD1E00627068 /* PBXContainerItemProxy */ = {
			isa = PBXContainerItemProxy;
			containerPortal = 320A2827FEC940B25BC42C60 /* Three20Core.xcodeproj */;
			proxyType = 2;
			remoteGlobalIDString = EB9E6C6210B6A8F800DE563C;
			remoteInfo = Three20CoreUnitTests;
		};
		A91AE53816F0BD1E00627068 /* PBXContainerItemProxy */ = {
			isa = PBXContainerItemProxy;
			containerPortal = 320A5A189C235877202780D0 /* Three20Network.xcodeproj */;
			proxyType = 2;
			remoteGlobalIDString = EB9E6C6210B6A8F800DE563C;
			remoteInfo = Three20NetworkUnitTests;
		};
		A91AE53B16F0BD1E00627068 /* PBXContainerItemProxy */ = {
			isa = PBXContainerItemProxy;
			containerPortal = 320CC833B8AF0ACFD35E6220 /* Three20Style.xcodeproj */;
			proxyType = 2;
			remoteGlobalIDString = EB9E6C6210B6A8F800DE563C;
			remoteInfo = Three20StyleUnitTests;
		};
		A91AE53E16F0BD1E00627068 /* PBXContainerItemProxy */ = {
			isa = PBXContainerItemProxy;
			containerPortal = 320F2C48872C2E2C4DF86200 /* Three20UI.xcodeproj */;
			proxyType = 2;
			remoteGlobalIDString = EB9E6C6210B6A8F800DE563C;
			remoteInfo = Three20UIUnitTests;
		};
		A91AE54116F0BD1E00627068 /* PBXContainerItemProxy */ = {
			isa = PBXContainerItemProxy;
			containerPortal = 3201088596B4756681693700 /* Three20UICommon.xcodeproj */;
			proxyType = 2;
			remoteGlobalIDString = EB9E6C6210B6A8F800DE563C;
			remoteInfo = Three20UICommonUnitTests;
		};
		A91AE54416F0BD1E00627068 /* PBXContainerItemProxy */ = {
			isa = PBXContainerItemProxy;
			containerPortal = 320A737074758E53BA54BE90 /* Three20UINavigator.xcodeproj */;
			proxyType = 2;
			remoteGlobalIDString = EB9E6C6210B6A8F800DE563C;
			remoteInfo = Three20UINavigatorUnitTests;
		};
		A956058A16EC492A00404D15 /* PBXContainerItemProxy */ = {
			isa = PBXContainerItemProxy;
			containerPortal = A956055116EC492A00404D15 /* Project object */;
			proxyType = 1;
			remoteGlobalIDString = A956055816EC492A00404D15;
			remoteInfo = ModalGroupContacts;
		};
/* End PBXContainerItemProxy section */

/* Begin PBXFileReference section */
		3201088596B4756681693700 /* Three20UICommon.xcodeproj */ = {isa = PBXFileReference; lastKnownFileType = "wrapper.pb-project"; name = Three20UICommon.xcodeproj; path = ../three20/src/Three20UICommon/Three20UICommon.xcodeproj; sourceTree = SOURCE_ROOT; };
		320A2827FEC940B25BC42C60 /* Three20Core.xcodeproj */ = {isa = PBXFileReference; lastKnownFileType = "wrapper.pb-project"; name = Three20Core.xcodeproj; path = ../three20/src/Three20Core/Three20Core.xcodeproj; sourceTree = SOURCE_ROOT; };
		320A5A189C235877202780D0 /* Three20Network.xcodeproj */ = {isa = PBXFileReference; lastKnownFileType = "wrapper.pb-project"; name = Three20Network.xcodeproj; path = ../three20/src/Three20Network/Three20Network.xcodeproj; sourceTree = SOURCE_ROOT; };
		320A737074758E53BA54BE90 /* Three20UINavigator.xcodeproj */ = {isa = PBXFileReference; lastKnownFileType = "wrapper.pb-project"; name = Three20UINavigator.xcodeproj; path = ../three20/src/Three20UINavigator/Three20UINavigator.xcodeproj; sourceTree = SOURCE_ROOT; };
		320AF8492C47A4D819F7C450 /* QuartzCore.framework */ = {isa = PBXFileReference; lastKnownFileType = wrapper.frameworks; name = QuartzCore.framework; path = System/Library/Frameworks/QuartzCore.framework; sourceTree = SDKROOT; };
		320B6C86F11D9990244A9730 /* Three20.bundle */ = {isa = PBXFileReference; lastKnownFileType = "wrapper.plug-in"; name = Three20.bundle; path = ../three20/src/Three20.bundle; sourceTree = SOURCE_ROOT; };
		320CC833B8AF0ACFD35E6220 /* Three20Style.xcodeproj */ = {isa = PBXFileReference; lastKnownFileType = "wrapper.pb-project"; name = Three20Style.xcodeproj; path = ../three20/src/Three20Style/Three20Style.xcodeproj; sourceTree = SOURCE_ROOT; };
		320D7DCCE32703ACAB9A45E0 /* Three20.xcodeproj */ = {isa = PBXFileReference; lastKnownFileType = "wrapper.pb-project"; name = Three20.xcodeproj; path = ../three20/src/Three20/Three20.xcodeproj; sourceTree = SOURCE_ROOT; };
		320F2C48872C2E2C4DF86200 /* Three20UI.xcodeproj */ = {isa = PBXFileReference; lastKnownFileType = "wrapper.pb-project"; name = Three20UI.xcodeproj; path = ../three20/src/Three20UI/Three20UI.xcodeproj; sourceTree = SOURCE_ROOT; };
		A91AE51316F0ADB600627068 /* SelectorTableViewDelegate.h */ = {isa = PBXFileReference; fileEncoding = 4; lastKnownFileType = sourcecode.c.h; path = SelectorTableViewDelegate.h; sourceTree = "<group>"; };
		A91AE51416F0ADB600627068 /* SelectorTableViewDelegate.m */ = {isa = PBXFileReference; fileEncoding = 4; lastKnownFileType = sourcecode.c.objc; path = SelectorTableViewDelegate.m; sourceTree = "<group>"; };
		A91AE51616F0BA5000627068 /* MenuSectionReciverCell.h */ = {isa = PBXFileReference; fileEncoding = 4; lastKnownFileType = sourcecode.c.h; path = MenuSectionReciverCell.h; sourceTree = "<group>"; };
		A91AE51716F0BA5000627068 /* MenuSectionReciverCell.m */ = {isa = PBXFileReference; fileEncoding = 4; lastKnownFileType = sourcecode.c.objc; path = MenuSectionReciverCell.m; sourceTree = "<group>"; };
		A9338DC916EDAA2C00033194 /* UIButtonBarSearch@2x.png */ = {isa = PBXFileReference; lastKnownFileType = image.png; path = "UIButtonBarSearch@2x.png"; sourceTree = "<group>"; };
		A9338DCC16EDB41E00033194 /* facebook.png */ = {isa = PBXFileReference; lastKnownFileType = image.png; path = facebook.png; sourceTree = "<group>"; };
		A9338DCD16EDB41E00033194 /* facebook@2x.png */ = {isa = PBXFileReference; lastKnownFileType = image.png; path = "facebook@2x.png"; sourceTree = "<group>"; };
		A9338DCE16EDB41E00033194 /* mail.png */ = {isa = PBXFileReference; lastKnownFileType = image.png; path = mail.png; sourceTree = "<group>"; };
		A9338DCF16EDB41E00033194 /* mail@2x.png */ = {isa = PBXFileReference; lastKnownFileType = image.png; path = "mail@2x.png"; sourceTree = "<group>"; };
		A9338DD016EDB41E00033194 /* twitter.png */ = {isa = PBXFileReference; lastKnownFileType = image.png; path = twitter.png; sourceTree = "<group>"; };
		A9338DD116EDB41E00033194 /* twitter@2x.png */ = {isa = PBXFileReference; lastKnownFileType = image.png; path = "twitter@2x.png"; sourceTree = "<group>"; };
		A955894116EECAFD0007E1A5 /* ModalGroupController.h */ = {isa = PBXFileReference; fileEncoding = 4; lastKnownFileType = sourcecode.c.h; path = ModalGroupController.h; sourceTree = "<group>"; };
		A955894216EECAFD0007E1A5 /* ModalGroupController.m */ = {isa = PBXFileReference; fileEncoding = 4; lastKnownFileType = sourcecode.c.objc; path = ModalGroupController.m; sourceTree = "<group>"; };
		A955895E16EF0DCF0007E1A5 /* ICMenuTableSection.h */ = {isa = PBXFileReference; fileEncoding = 4; lastKnownFileType = sourcecode.c.h; path = ICMenuTableSection.h; sourceTree = "<group>"; };
		A955895F16EF0DCF0007E1A5 /* ICMenuTableSection.m */ = {isa = PBXFileReference; fileEncoding = 4; lastKnownFileType = sourcecode.c.objc; path = ICMenuTableSection.m; sourceTree = "<group>"; };
		A955896416EF19530007E1A5 /* ICMenuTableDatasource.h */ = {isa = PBXFileReference; fileEncoding = 4; lastKnownFileType = sourcecode.c.h; path = ICMenuTableDatasource.h; sourceTree = "<group>"; };
		A955896516EF19530007E1A5 /* ICMenuTableDatasource.m */ = {isa = PBXFileReference; fileEncoding = 4; lastKnownFileType = sourcecode.c.objc; path = ICMenuTableDatasource.m; sourceTree = "<group>"; };
		A955896816EF1BC10007E1A5 /* ReciverVo.h */ = {isa = PBXFileReference; fileEncoding = 4; lastKnownFileType = sourcecode.c.h; path = ReciverVo.h; sourceTree = "<group>"; };
		A955896916EF1BC10007E1A5 /* ReciverVo.m */ = {isa = PBXFileReference; fileEncoding = 4; lastKnownFileType = sourcecode.c.objc; path = ReciverVo.m; sourceTree = "<group>"; };
		A955896B16EF1EBF0007E1A5 /* BaseValueObject.h */ = {isa = PBXFileReference; fileEncoding = 4; lastKnownFileType = sourcecode.c.h; path = BaseValueObject.h; sourceTree = "<group>"; };
		A955896C16EF1EBF0007E1A5 /* BaseValueObject.m */ = {isa = PBXFileReference; fileEncoding = 4; lastKnownFileType = sourcecode.c.objc; path = BaseValueObject.m; sourceTree = "<group>"; };
		A955896E16EF1FBE0007E1A5 /* FullScreenScrollViewDelegate.h */ = {isa = PBXFileReference; fileEncoding = 4; lastKnownFileType = sourcecode.c.h; path = FullScreenScrollViewDelegate.h; sourceTree = "<group>"; };
		A955896F16EF1FBE0007E1A5 /* FullScreenScrollViewDelegate.m */ = {isa = PBXFileReference; fileEncoding = 4; lastKnownFileType = sourcecode.c.objc; path = FullScreenScrollViewDelegate.m; sourceTree = "<group>"; };
		A955897116EF24EF0007E1A5 /* UIView+YIFullScreenScroll.h */ = {isa = PBXFileReference; fileEncoding = 4; lastKnownFileType = sourcecode.c.h; path = "UIView+YIFullScreenScroll.h"; sourceTree = "<group>"; };
		A955897216EF24EF0007E1A5 /* UIView+YIFullScreenScroll.m */ = {isa = PBXFileReference; fileEncoding = 4; lastKnownFileType = sourcecode.c.objc; path = "UIView+YIFullScreenScroll.m"; sourceTree = "<group>"; };
		A956055916EC492A00404D15 /* ModalGroupContacts.app */ = {isa = PBXFileReference; explicitFileType = wrapper.application; includeInIndex = 0; path = ModalGroupContacts.app; sourceTree = BUILT_PRODUCTS_DIR; };
		A956055C16EC492A00404D15 /* UIKit.framework */ = {isa = PBXFileReference; lastKnownFileType = wrapper.framework; name = UIKit.framework; path = System/Library/Frameworks/UIKit.framework; sourceTree = SDKROOT; };
		A956055E16EC492A00404D15 /* Foundation.framework */ = {isa = PBXFileReference; lastKnownFileType = wrapper.framework; name = Foundation.framework; path = System/Library/Frameworks/Foundation.framework; sourceTree = SDKROOT; };
		A956056016EC492A00404D15 /* CoreGraphics.framework */ = {isa = PBXFileReference; lastKnownFileType = wrapper.framework; name = CoreGraphics.framework; path = System/Library/Frameworks/CoreGraphics.framework; sourceTree = SDKROOT; };
		A956056416EC492A00404D15 /* ModalGroupContacts-Info.plist */ = {isa = PBXFileReference; lastKnownFileType = text.plist.xml; path = "ModalGroupContacts-Info.plist"; sourceTree = "<group>"; };
		A956056616EC492A00404D15 /* en */ = {isa = PBXFileReference; lastKnownFileType = text.plist.strings; name = en; path = en.lproj/InfoPlist.strings; sourceTree = "<group>"; };
		A956056816EC492A00404D15 /* main.m */ = {isa = PBXFileReference; lastKnownFileType = sourcecode.c.objc; path = main.m; sourceTree = "<group>"; };
		A956056A16EC492A00404D15 /* ModalGroupContacts-Prefix.pch */ = {isa = PBXFileReference; lastKnownFileType = sourcecode.c.h; path = "ModalGroupContacts-Prefix.pch"; sourceTree = "<group>"; };
		A956056B16EC492A00404D15 /* AppDelegate.h */ = {isa = PBXFileReference; lastKnownFileType = sourcecode.c.h; path = AppDelegate.h; sourceTree = "<group>"; };
		A956056C16EC492A00404D15 /* AppDelegate.m */ = {isa = PBXFileReference; lastKnownFileType = sourcecode.c.objc; path = AppDelegate.m; sourceTree = "<group>"; };
		A956056E16EC492A00404D15 /* Default.png */ = {isa = PBXFileReference; lastKnownFileType = image.png; path = Default.png; sourceTree = "<group>"; };
		A956057016EC492A00404D15 /* Default@2x.png */ = {isa = PBXFileReference; lastKnownFileType = image.png; path = "Default@2x.png"; sourceTree = "<group>"; };
		A956057216EC492A00404D15 /* Default-568h@2x.png */ = {isa = PBXFileReference; lastKnownFileType = image.png; path = "Default-568h@2x.png"; sourceTree = "<group>"; };
		A956057416EC492A00404D15 /* MasterViewController.h */ = {isa = PBXFileReference; lastKnownFileType = sourcecode.c.h; path = MasterViewController.h; sourceTree = "<group>"; };
		A956057516EC492A00404D15 /* MasterViewController.m */ = {isa = PBXFileReference; lastKnownFileType = sourcecode.c.objc; path = MasterViewController.m; sourceTree = "<group>"; };
		A956057716EC492A00404D15 /* DetailViewController.h */ = {isa = PBXFileReference; lastKnownFileType = sourcecode.c.h; path = DetailViewController.h; sourceTree = "<group>"; };
		A956057816EC492A00404D15 /* DetailViewController.m */ = {isa = PBXFileReference; lastKnownFileType = sourcecode.c.objc; path = DetailViewController.m; sourceTree = "<group>"; };
		A956057B16EC492A00404D15 /* en */ = {isa = PBXFileReference; lastKnownFileType = file.xib; name = en; path = en.lproj/MasterViewController.xib; sourceTree = "<group>"; };
		A956057E16EC492A00404D15 /* en */ = {isa = PBXFileReference; lastKnownFileType = file.xib; name = en; path = en.lproj/DetailViewController.xib; sourceTree = "<group>"; };
		A956058516EC492A00404D15 /* ModalGroupContactsTests.octest */ = {isa = PBXFileReference; explicitFileType = wrapper.cfbundle; includeInIndex = 0; path = ModalGroupContactsTests.octest; sourceTree = BUILT_PRODUCTS_DIR; };
		A956058616EC492A00404D15 /* SenTestingKit.framework */ = {isa = PBXFileReference; lastKnownFileType = wrapper.framework; name = SenTestingKit.framework; path = Library/Frameworks/SenTestingKit.framework; sourceTree = DEVELOPER_DIR; };
		A956058E16EC492A00404D15 /* ModalGroupContactsTests-Info.plist */ = {isa = PBXFileReference; lastKnownFileType = text.plist.xml; path = "ModalGroupContactsTests-Info.plist"; sourceTree = "<group>"; };
		A956059016EC492A00404D15 /* en */ = {isa = PBXFileReference; lastKnownFileType = text.plist.strings; name = en; path = en.lproj/InfoPlist.strings; sourceTree = "<group>"; };
		A956059216EC492B00404D15 /* ModalGroupContactsTests.h */ = {isa = PBXFileReference; lastKnownFileType = sourcecode.c.h; path = ModalGroupContactsTests.h; sourceTree = "<group>"; };
		A956059316EC492B00404D15 /* ModalGroupContactsTests.m */ = {isa = PBXFileReference; lastKnownFileType = sourcecode.c.objc; path = ModalGroupContactsTests.m; sourceTree = "<group>"; };
		A956059D16EC745A00404D15 /* SearchBar.h */ = {isa = PBXFileReference; fileEncoding = 4; lastKnownFileType = sourcecode.c.h; path = SearchBar.h; sourceTree = "<group>"; };
		A956059E16EC745A00404D15 /* SearchBar.m */ = {isa = PBXFileReference; fileEncoding = 4; lastKnownFileType = sourcecode.c.objc; path = SearchBar.m; sourceTree = "<group>"; };
		A95605A016EC74B100404D15 /* QuartzCore.framework */ = {isa = PBXFileReference; lastKnownFileType = wrapper.framework; name = QuartzCore.framework; path = System/Library/Frameworks/QuartzCore.framework; sourceTree = SDKROOT; };
		A95605A216EC7CB200404D15 /* TestTargetController.h */ = {isa = PBXFileReference; fileEncoding = 4; lastKnownFileType = sourcecode.c.h; path = TestTargetController.h; sourceTree = "<group>"; };
		A95605A316EC7CB200404D15 /* TestTargetController.m */ = {isa = PBXFileReference; fileEncoding = 4; lastKnownFileType = sourcecode.c.objc; path = TestTargetController.m; sourceTree = "<group>"; };
/* End PBXFileReference section */

/* Begin PBXFrameworksBuildPhase section */
		A956055616EC492A00404D15 /* Frameworks */ = {
			isa = PBXFrameworksBuildPhase;
			buildActionMask = 2147483647;
			files = (
				3201088596B4756681693705 /* libThree20UICommon.a in Frameworks */,
				320D7DCCE32703ACAB9A45E5 /* libThree20.a in Frameworks */,
				320A737074758E53BA54BE95 /* libThree20UINavigator.a in Frameworks */,
				320A2827FEC940B25BC42C65 /* libThree20Core.a in Frameworks */,
				320F2C48872C2E2C4DF86205 /* libThree20UI.a in Frameworks */,
				320AF8492C47A4D819F7C451 /* QuartzCore.framework in Frameworks */,
				320A5A189C235877202780D5 /* libThree20Network.a in Frameworks */,
				320CC833B8AF0ACFD35E6225 /* libThree20Style.a in Frameworks */,
				A95605A116EC74B100404D15 /* QuartzCore.framework in Frameworks */,
				A956055D16EC492A00404D15 /* UIKit.framework in Frameworks */,
				A956055F16EC492A00404D15 /* Foundation.framework in Frameworks */,
				A956056116EC492A00404D15 /* CoreGraphics.framework in Frameworks */,
			);
			runOnlyForDeploymentPostprocessing = 0;
		};
		A956058116EC492A00404D15 /* Frameworks */ = {
			isa = PBXFrameworksBuildPhase;
			buildActionMask = 2147483647;
			files = (
				A956058716EC492A00404D15 /* SenTestingKit.framework in Frameworks */,
				A956058816EC492A00404D15 /* UIKit.framework in Frameworks */,
				A956058916EC492A00404D15 /* Foundation.framework in Frameworks */,
			);
			runOnlyForDeploymentPostprocessing = 0;
		};
/* End PBXFrameworksBuildPhase section */

/* Begin PBXGroup section */
		3201088596B4756681693703 /* Products */ = {
			isa = PBXGroup;
			children = (
				3201088596B4756681693704 /* libThree20UICommon.a */,
				A91AE54216F0BD1E00627068 /* UICommonUnitTests.octest */,
			);
			name = Products;
			sourceTree = "<group>";
		};
		320A2827FEC940B25BC42C63 /* Products */ = {
			isa = PBXGroup;
			children = (
				320A2827FEC940B25BC42C64 /* libThree20Core.a */,
				A91AE53616F0BD1E00627068 /* CoreUnitTests.octest */,
			);
			name = Products;
			sourceTree = "<group>";
		};
		320A5A189C235877202780D3 /* Products */ = {
			isa = PBXGroup;
			children = (
				320A5A189C235877202780D4 /* libThree20Network.a */,
				A91AE53916F0BD1E00627068 /* NetworkUnitTests.octest */,
			);
			name = Products;
			sourceTree = "<group>";
		};
		320A737074758E53BA54BE93 /* Products */ = {
			isa = PBXGroup;
			children = (
				320A737074758E53BA54BE94 /* libThree20UINavigator.a */,
				A91AE54516F0BD1E00627068 /* UINavigatorUnitTests.octest */,
			);
			name = Products;
			sourceTree = "<group>";
		};
		320CC833B8AF0ACFD35E6223 /* Products */ = {
			isa = PBXGroup;
			children = (
				320CC833B8AF0ACFD35E6224 /* libThree20Style.a */,
				A91AE53C16F0BD1E00627068 /* StyleUnitTests.octest */,
			);
			name = Products;
			sourceTree = "<group>";
		};
		320D7DCCE32703ACAB9A45E3 /* Products */ = {
			isa = PBXGroup;
			children = (
				320D7DCCE32703ACAB9A45E4 /* libThree20.a */,
				A91AE53316F0BD1E00627068 /* Three20UnitTests.octest */,
			);
			name = Products;
			sourceTree = "<group>";
		};
		320F2C48872C2E2C4DF86203 /* Products */ = {
			isa = PBXGroup;
			children = (
				320F2C48872C2E2C4DF86204 /* libThree20UI.a */,
				A91AE53F16F0BD1E00627068 /* UIUnitTests.octest */,
			);
			name = Products;
			sourceTree = "<group>";
		};
		A9338DC416EDA1B900033194 /* img */ = {
			isa = PBXGroup;
			children = (
				A9338DC916EDAA2C00033194 /* UIButtonBarSearch@2x.png */,
			);
			name = img;
			sourceTree = "<group>";
		};
		A9338DCB16EDB3F600033194 /* sample Image */ = {
			isa = PBXGroup;
			children = (
				A9338DCC16EDB41E00033194 /* facebook.png */,
				A9338DCD16EDB41E00033194 /* facebook@2x.png */,
				A9338DCE16EDB41E00033194 /* mail.png */,
				A9338DCF16EDB41E00033194 /* mail@2x.png */,
				A9338DD016EDB41E00033194 /* twitter.png */,
				A9338DD116EDB41E00033194 /* twitter@2x.png */,
			);
			name = "sample Image";
			sourceTree = "<group>";
		};
		A955895D16EF0BA10007E1A5 /* src */ = {
			isa = PBXGroup;
			children = (
				A91AE51616F0BA5000627068 /* MenuSectionReciverCell.h */,
				A91AE51716F0BA5000627068 /* MenuSectionReciverCell.m */,
				A955897116EF24EF0007E1A5 /* UIView+YIFullScreenScroll.h */,
				A955897216EF24EF0007E1A5 /* UIView+YIFullScreenScroll.m */,
				A956059D16EC745A00404D15 /* SearchBar.h */,
				A956059E16EC745A00404D15 /* SearchBar.m */,
				A955894116EECAFD0007E1A5 /* ModalGroupController.h */,
				A955894216EECAFD0007E1A5 /* ModalGroupController.m */,
				A955895E16EF0DCF0007E1A5 /* ICMenuTableSection.h */,
				A955895F16EF0DCF0007E1A5 /* ICMenuTableSection.m */,
				A955896416EF19530007E1A5 /* ICMenuTableDatasource.h */,
				A955896516EF19530007E1A5 /* ICMenuTableDatasource.m */,
				A955896E16EF1FBE0007E1A5 /* FullScreenScrollViewDelegate.h */,
				A955896F16EF1FBE0007E1A5 /* FullScreenScrollViewDelegate.m */,
				A91AE51316F0ADB600627068 /* SelectorTableViewDelegate.h */,
				A91AE51416F0ADB600627068 /* SelectorTableViewDelegate.m */,
			);
			name = src;
			sourceTree = "<group>";
		};
		A955896716EF1BA40007E1A5 /* mock data */ = {
			isa = PBXGroup;
			children = (
				A955896816EF1BC10007E1A5 /* ReciverVo.h */,
				A955896916EF1BC10007E1A5 /* ReciverVo.m */,
				A955896B16EF1EBF0007E1A5 /* BaseValueObject.h */,
				A955896C16EF1EBF0007E1A5 /* BaseValueObject.m */,
			);
			name = "mock data";
			sourceTree = "<group>";
		};
		A956055016EC492A00404D15 = {
			isa = PBXGroup;
			children = (
				A95605A016EC74B100404D15 /* QuartzCore.framework */,
				A956056216EC492A00404D15 /* ModalGroupContacts */,
				A956058C16EC492A00404D15 /* ModalGroupContactsTests */,
				A956055B16EC492A00404D15 /* Frameworks */,
				A956055A16EC492A00404D15 /* Products */,
			);
			sourceTree = "<group>";
		};
		A956055A16EC492A00404D15 /* Products */ = {
			isa = PBXGroup;
			children = (
				A956055916EC492A00404D15 /* ModalGroupContacts.app */,
				A956058516EC492A00404D15 /* ModalGroupContactsTests.octest */,
			);
			name = Products;
			sourceTree = "<group>";
		};
		A956055B16EC492A00404D15 /* Frameworks */ = {
			isa = PBXGroup;
			children = (
				3201088596B4756681693700 /* Three20UICommon.xcodeproj */,
				320D7DCCE32703ACAB9A45E0 /* Three20.xcodeproj */,
				320A737074758E53BA54BE90 /* Three20UINavigator.xcodeproj */,
				320A2827FEC940B25BC42C60 /* Three20Core.xcodeproj */,
				320F2C48872C2E2C4DF86200 /* Three20UI.xcodeproj */,
				320AF8492C47A4D819F7C450 /* QuartzCore.framework */,
				320A5A189C235877202780D0 /* Three20Network.xcodeproj */,
				320CC833B8AF0ACFD35E6220 /* Three20Style.xcodeproj */,
				A956055C16EC492A00404D15 /* UIKit.framework */,
				A956055E16EC492A00404D15 /* Foundation.framework */,
				A956056016EC492A00404D15 /* CoreGraphics.framework */,
				A956058616EC492A00404D15 /* SenTestingKit.framework */,
			);
			name = Frameworks;
			sourceTree = "<group>";
		};
		A956056216EC492A00404D15 /* ModalGroupContacts */ = {
			isa = PBXGroup;
			children = (
				A955896716EF1BA40007E1A5 /* mock data */,
				A955895D16EF0BA10007E1A5 /* src */,
				A95605A216EC7CB200404D15 /* TestTargetController.h */,
				A95605A316EC7CB200404D15 /* TestTargetController.m */,
				A956056B16EC492A00404D15 /* AppDelegate.h */,
				A956056C16EC492A00404D15 /* AppDelegate.m */,
				A956057416EC492A00404D15 /* MasterViewController.h */,
				A956057516EC492A00404D15 /* MasterViewController.m */,
				A956057716EC492A00404D15 /* DetailViewController.h */,
				A956057816EC492A00404D15 /* DetailViewController.m */,
				A956057A16EC492A00404D15 /* MasterViewController.xib */,
				A956057D16EC492A00404D15 /* DetailViewController.xib */,
				A956056316EC492A00404D15 /* Supporting Files */,
			);
			path = ModalGroupContacts;
			sourceTree = "<group>";
		};
		A956056316EC492A00404D15 /* Supporting Files */ = {
			isa = PBXGroup;
			children = (
				320B6C86F11D9990244A9730 /* Three20.bundle */,
				A9338DCB16EDB3F600033194 /* sample Image */,
				A9338DC416EDA1B900033194 /* img */,
				A956056416EC492A00404D15 /* ModalGroupContacts-Info.plist */,
				A956056516EC492A00404D15 /* InfoPlist.strings */,
				A956056816EC492A00404D15 /* main.m */,
				A956056A16EC492A00404D15 /* ModalGroupContacts-Prefix.pch */,
				A956056E16EC492A00404D15 /* Default.png */,
				A956057016EC492A00404D15 /* Default@2x.png */,
				A956057216EC492A00404D15 /* Default-568h@2x.png */,
			);
			name = "Supporting Files";
			sourceTree = "<group>";
		};
		A956058C16EC492A00404D15 /* ModalGroupContactsTests */ = {
			isa = PBXGroup;
			children = (
				A956059216EC492B00404D15 /* ModalGroupContactsTests.h */,
				A956059316EC492B00404D15 /* ModalGroupContactsTests.m */,
				A956058D16EC492A00404D15 /* Supporting Files */,
			);
			path = ModalGroupContactsTests;
			sourceTree = "<group>";
		};
		A956058D16EC492A00404D15 /* Supporting Files */ = {
			isa = PBXGroup;
			children = (
				A956058E16EC492A00404D15 /* ModalGroupContactsTests-Info.plist */,
				A956058F16EC492A00404D15 /* InfoPlist.strings */,
			);
			name = "Supporting Files";
			sourceTree = "<group>";
		};
/* End PBXGroup section */

/* Begin PBXNativeTarget section */
		A956055816EC492A00404D15 /* ModalGroupContacts */ = {
			isa = PBXNativeTarget;
			buildConfigurationList = A956059716EC492B00404D15 /* Build configuration list for PBXNativeTarget "ModalGroupContacts" */;
			buildPhases = (
				A956055516EC492A00404D15 /* Sources */,
				A956055616EC492A00404D15 /* Frameworks */,
				A956055716EC492A00404D15 /* Resources */,
			);
			buildRules = (
			);
			dependencies = (
				3201088596B4756681693701 /* PBXTargetDependency */,
				320D7DCCE32703ACAB9A45E1 /* PBXTargetDependency */,
				320A737074758E53BA54BE91 /* PBXTargetDependency */,
				320A2827FEC940B25BC42C61 /* PBXTargetDependency */,
				320F2C48872C2E2C4DF86201 /* PBXTargetDependency */,
				320A5A189C235877202780D1 /* PBXTargetDependency */,
				320CC833B8AF0ACFD35E6221 /* PBXTargetDependency */,
			);
			name = ModalGroupContacts;
			productName = ModalGroupContacts;
			productReference = A956055916EC492A00404D15 /* ModalGroupContacts.app */;
			productType = "com.apple.product-type.application";
		};
		A956058416EC492A00404D15 /* ModalGroupContactsTests */ = {
			isa = PBXNativeTarget;
			buildConfigurationList = A956059A16EC492B00404D15 /* Build configuration list for PBXNativeTarget "ModalGroupContactsTests" */;
			buildPhases = (
				A956058016EC492A00404D15 /* Sources */,
				A956058116EC492A00404D15 /* Frameworks */,
				A956058216EC492A00404D15 /* Resources */,
				A956058316EC492A00404D15 /* ShellScript */,
			);
			buildRules = (
			);
			dependencies = (
				A956058B16EC492A00404D15 /* PBXTargetDependency */,
			);
			name = ModalGroupContactsTests;
			productName = ModalGroupContactsTests;
			productReference = A956058516EC492A00404D15 /* ModalGroupContactsTests.octest */;
			productType = "com.apple.product-type.bundle";
		};
/* End PBXNativeTarget section */

/* Begin PBXProject section */
		A956055116EC492A00404D15 /* Project object */ = {
			isa = PBXProject;
			attributes = {
				LastUpgradeCheck = 0460;
				ORGANIZATIONNAME = marco;
			};
			buildConfigurationList = A956055416EC492A00404D15 /* Build configuration list for PBXProject "ModalGroupContacts" */;
			compatibilityVersion = "Xcode 3.2";
			developmentRegion = English;
			hasScannedForEncodings = 0;
			knownRegions = (
				en,
			);
			mainGroup = A956055016EC492A00404D15;
			productRefGroup = A956055A16EC492A00404D15 /* Products */;
			projectDirPath = "";
			projectReferences = (
				{
					ProductGroup = 320D7DCCE32703ACAB9A45E3 /* Products */;
					ProjectRef = 320D7DCCE32703ACAB9A45E0 /* Three20.xcodeproj */;
				},
				{
					ProductGroup = 320A2827FEC940B25BC42C63 /* Products */;
					ProjectRef = 320A2827FEC940B25BC42C60 /* Three20Core.xcodeproj */;
				},
				{
					ProductGroup = 320A5A189C235877202780D3 /* Products */;
					ProjectRef = 320A5A189C235877202780D0 /* Three20Network.xcodeproj */;
				},
				{
					ProductGroup = 320CC833B8AF0ACFD35E6223 /* Products */;
					ProjectRef = 320CC833B8AF0ACFD35E6220 /* Three20Style.xcodeproj */;
				},
				{
					ProductGroup = 320F2C48872C2E2C4DF86203 /* Products */;
					ProjectRef = 320F2C48872C2E2C4DF86200 /* Three20UI.xcodeproj */;
				},
				{
					ProductGroup = 3201088596B4756681693703 /* Products */;
					ProjectRef = 3201088596B4756681693700 /* Three20UICommon.xcodeproj */;
				},
				{
					ProductGroup = 320A737074758E53BA54BE93 /* Products */;
					ProjectRef = 320A737074758E53BA54BE90 /* Three20UINavigator.xcodeproj */;
				},
			);
			projectRoot = "";
			targets = (
				A956055816EC492A00404D15 /* ModalGroupContacts */,
				A956058416EC492A00404D15 /* ModalGroupContactsTests */,
			);
		};
/* End PBXProject section */

/* Begin PBXReferenceProxy section */
		3201088596B4756681693704 /* libThree20UICommon.a */ = {
			isa = PBXReferenceProxy;
			fileType = archive.ar;
			path = libThree20UICommon.a;
			remoteRef = 3201088596B4756681693706 /* PBXContainerItemProxy */;
			sourceTree = BUILT_PRODUCTS_DIR;
		};
		320A2827FEC940B25BC42C64 /* libThree20Core.a */ = {
			isa = PBXReferenceProxy;
			fileType = archive.ar;
			path = libThree20Core.a;
			remoteRef = 320A2827FEC940B25BC42C66 /* PBXContainerItemProxy */;
			sourceTree = BUILT_PRODUCTS_DIR;
		};
		320A5A189C235877202780D4 /* libThree20Network.a */ = {
			isa = PBXReferenceProxy;
			fileType = archive.ar;
			path = libThree20Network.a;
			remoteRef = 320A5A189C235877202780D6 /* PBXContainerItemProxy */;
			sourceTree = BUILT_PRODUCTS_DIR;
		};
		320A737074758E53BA54BE94 /* libThree20UINavigator.a */ = {
			isa = PBXReferenceProxy;
			fileType = archive.ar;
			path = libThree20UINavigator.a;
			remoteRef = 320A737074758E53BA54BE96 /* PBXContainerItemProxy */;
			sourceTree = BUILT_PRODUCTS_DIR;
		};
		320CC833B8AF0ACFD35E6224 /* libThree20Style.a */ = {
			isa = PBXReferenceProxy;
			fileType = archive.ar;
			path = libThree20Style.a;
			remoteRef = 320CC833B8AF0ACFD35E6226 /* PBXContainerItemProxy */;
			sourceTree = BUILT_PRODUCTS_DIR;
		};
		320D7DCCE32703ACAB9A45E4 /* libThree20.a */ = {
			isa = PBXReferenceProxy;
			fileType = archive.ar;
			path = libThree20.a;
			remoteRef = 320D7DCCE32703ACAB9A45E6 /* PBXContainerItemProxy */;
			sourceTree = BUILT_PRODUCTS_DIR;
		};
		320F2C48872C2E2C4DF86204 /* libThree20UI.a */ = {
			isa = PBXReferenceProxy;
			fileType = archive.ar;
			path = libThree20UI.a;
			remoteRef = 320F2C48872C2E2C4DF86206 /* PBXContainerItemProxy */;
			sourceTree = BUILT_PRODUCTS_DIR;
		};
		A91AE53316F0BD1E00627068 /* Three20UnitTests.octest */ = {
			isa = PBXReferenceProxy;
			fileType = wrapper.cfbundle;
			path = Three20UnitTests.octest;
			remoteRef = A91AE53216F0BD1E00627068 /* PBXContainerItemProxy */;
			sourceTree = BUILT_PRODUCTS_DIR;
		};
		A91AE53616F0BD1E00627068 /* CoreUnitTests.octest */ = {
			isa = PBXReferenceProxy;
			fileType = wrapper.cfbundle;
			path = CoreUnitTests.octest;
			remoteRef = A91AE53516F0BD1E00627068 /* PBXContainerItemProxy */;
			sourceTree = BUILT_PRODUCTS_DIR;
		};
		A91AE53916F0BD1E00627068 /* NetworkUnitTests.octest */ = {
			isa = PBXReferenceProxy;
			fileType = wrapper.cfbundle;
			path = NetworkUnitTests.octest;
			remoteRef = A91AE53816F0BD1E00627068 /* PBXContainerItemProxy */;
			sourceTree = BUILT_PRODUCTS_DIR;
		};
		A91AE53C16F0BD1E00627068 /* StyleUnitTests.octest */ = {
			isa = PBXReferenceProxy;
			fileType = wrapper.cfbundle;
			path = StyleUnitTests.octest;
			remoteRef = A91AE53B16F0BD1E00627068 /* PBXContainerItemProxy */;
			sourceTree = BUILT_PRODUCTS_DIR;
		};
		A91AE53F16F0BD1E00627068 /* UIUnitTests.octest */ = {
			isa = PBXReferenceProxy;
			fileType = wrapper.cfbundle;
			path = UIUnitTests.octest;
			remoteRef = A91AE53E16F0BD1E00627068 /* PBXContainerItemProxy */;
			sourceTree = BUILT_PRODUCTS_DIR;
		};
		A91AE54216F0BD1E00627068 /* UICommonUnitTests.octest */ = {
			isa = PBXReferenceProxy;
			fileType = wrapper.cfbundle;
			path = UICommonUnitTests.octest;
			remoteRef = A91AE54116F0BD1E00627068 /* PBXContainerItemProxy */;
			sourceTree = BUILT_PRODUCTS_DIR;
		};
		A91AE54516F0BD1E00627068 /* UINavigatorUnitTests.octest */ = {
			isa = PBXReferenceProxy;
			fileType = wrapper.cfbundle;
			path = UINavigatorUnitTests.octest;
			remoteRef = A91AE54416F0BD1E00627068 /* PBXContainerItemProxy */;
			sourceTree = BUILT_PRODUCTS_DIR;
		};
/* End PBXReferenceProxy section */

/* Begin PBXResourcesBuildPhase section */
		A956055716EC492A00404D15 /* Resources */ = {
			isa = PBXResourcesBuildPhase;
			buildActionMask = 2147483647;
			files = (
				320B6C86F11D9990244A9731 /* Three20.bundle in Resources */,
				A956056716EC492A00404D15 /* InfoPlist.strings in Resources */,
				A956056F16EC492A00404D15 /* Default.png in Resources */,
				A956057116EC492A00404D15 /* Default@2x.png in Resources */,
				A956057316EC492A00404D15 /* Default-568h@2x.png in Resources */,
				A956057C16EC492A00404D15 /* MasterViewController.xib in Resources */,
				A956057F16EC492A00404D15 /* DetailViewController.xib in Resources */,
				A9338DCA16EDAA2C00033194 /* UIButtonBarSearch@2x.png in Resources */,
				A9338DD216EDB41E00033194 /* facebook.png in Resources */,
				A9338DD316EDB41E00033194 /* facebook@2x.png in Resources */,
				A9338DD416EDB41E00033194 /* mail.png in Resources */,
				A9338DD516EDB41E00033194 /* mail@2x.png in Resources */,
				A9338DD616EDB41E00033194 /* twitter.png in Resources */,
				A9338DD716EDB41E00033194 /* twitter@2x.png in Resources */,
			);
			runOnlyForDeploymentPostprocessing = 0;
		};
		A956058216EC492A00404D15 /* Resources */ = {
			isa = PBXResourcesBuildPhase;
			buildActionMask = 2147483647;
			files = (
				A956059116EC492A00404D15 /* InfoPlist.strings in Resources */,
			);
			runOnlyForDeploymentPostprocessing = 0;
		};
/* End PBXResourcesBuildPhase section */

/* Begin PBXShellScriptBuildPhase section */
		A956058316EC492A00404D15 /* ShellScript */ = {
			isa = PBXShellScriptBuildPhase;
			buildActionMask = 2147483647;
			files = (
			);
			inputPaths = (
			);
			outputPaths = (
			);
			runOnlyForDeploymentPostprocessing = 0;
			shellPath = /bin/sh;
			shellScript = "# Run the unit tests in this test bundle.\n\"${SYSTEM_DEVELOPER_DIR}/Tools/RunUnitTests\"\n";
		};
/* End PBXShellScriptBuildPhase section */

/* Begin PBXSourcesBuildPhase section */
		A956055516EC492A00404D15 /* Sources */ = {
			isa = PBXSourcesBuildPhase;
			buildActionMask = 2147483647;
			files = (
				A91AE54716F0BE0C00627068 /* UIView+YIFullScreenScroll.m in Sources */,
				A91AE54616F0BE0700627068 /* MenuSectionReciverCell.m in Sources */,
				A956056916EC492A00404D15 /* main.m in Sources */,
				A956056D16EC492A00404D15 /* AppDelegate.m in Sources */,
				A956057616EC492A00404D15 /* MasterViewController.m in Sources */,
				A956057916EC492A00404D15 /* DetailViewController.m in Sources */,
				A956059F16EC745A00404D15 /* SearchBar.m in Sources */,
				A95605A416EC7CB200404D15 /* TestTargetController.m in Sources */,
				A955894316EECAFD0007E1A5 /* ModalGroupController.m in Sources */,
				A955896016EF0DCF0007E1A5 /* ICMenuTableSection.m in Sources */,
				A955896616EF19530007E1A5 /* ICMenuTableDatasource.m in Sources */,
				A955896A16EF1BC10007E1A5 /* ReciverVo.m in Sources */,
				A955896D16EF1EBF0007E1A5 /* BaseValueObject.m in Sources */,
				A955897016EF1FBE0007E1A5 /* FullScreenScrollViewDelegate.m in Sources */,
				A91AE51516F0ADB600627068 /* SelectorTableViewDelegate.m in Sources */,
			);
			runOnlyForDeploymentPostprocessing = 0;
		};
		A956058016EC492A00404D15 /* Sources */ = {
			isa = PBXSourcesBuildPhase;
			buildActionMask = 2147483647;
			files = (
				A956059416EC492B00404D15 /* ModalGroupContactsTests.m in Sources */,
				A955897316EF24EF0007E1A5 /* UIView+YIFullScreenScroll.m in Sources */,
				A91AE51816F0BA5000627068 /* MenuSectionReciverCell.m in Sources */,
			);
			runOnlyForDeploymentPostprocessing = 0;
		};
/* End PBXSourcesBuildPhase section */

/* Begin PBXTargetDependency section */
		3201088596B4756681693701 /* PBXTargetDependency */ = {
			isa = PBXTargetDependency;
			name = Three20UICommon;
			targetProxy = 3201088596B4756681693702 /* PBXContainerItemProxy */;
		};
		320A2827FEC940B25BC42C61 /* PBXTargetDependency */ = {
			isa = PBXTargetDependency;
			name = Three20Core;
			targetProxy = 320A2827FEC940B25BC42C62 /* PBXContainerItemProxy */;
		};
		320A5A189C235877202780D1 /* PBXTargetDependency */ = {
			isa = PBXTargetDependency;
			name = Three20Network;
			targetProxy = 320A5A189C235877202780D2 /* PBXContainerItemProxy */;
		};
		320A737074758E53BA54BE91 /* PBXTargetDependency */ = {
			isa = PBXTargetDependency;
			name = Three20UINavigator;
			targetProxy = 320A737074758E53BA54BE92 /* PBXContainerItemProxy */;
		};
		320CC833B8AF0ACFD35E6221 /* PBXTargetDependency */ = {
			isa = PBXTargetDependency;
			name = Three20Style;
			targetProxy = 320CC833B8AF0ACFD35E6222 /* PBXContainerItemProxy */;
		};
		320D7DCCE32703ACAB9A45E1 /* PBXTargetDependency */ = {
			isa = PBXTargetDependency;
			name = Three20;
			targetProxy = 320D7DCCE32703ACAB9A45E2 /* PBXContainerItemProxy */;
		};
		320F2C48872C2E2C4DF86201 /* PBXTargetDependency */ = {
			isa = PBXTargetDependency;
			name = Three20UI;
			targetProxy = 320F2C48872C2E2C4DF86202 /* PBXContainerItemProxy */;
		};
		A956058B16EC492A00404D15 /* PBXTargetDependency */ = {
			isa = PBXTargetDependency;
			target = A956055816EC492A00404D15 /* ModalGroupContacts */;
			targetProxy = A956058A16EC492A00404D15 /* PBXContainerItemProxy */;
		};
/* End PBXTargetDependency section */

/* Begin PBXVariantGroup section */
		A956056516EC492A00404D15 /* InfoPlist.strings */ = {
			isa = PBXVariantGroup;
			children = (
				A956056616EC492A00404D15 /* en */,
			);
			name = InfoPlist.strings;
			sourceTree = "<group>";
		};
		A956057A16EC492A00404D15 /* MasterViewController.xib */ = {
			isa = PBXVariantGroup;
			children = (
				A956057B16EC492A00404D15 /* en */,
			);
			name = MasterViewController.xib;
			sourceTree = "<group>";
		};
		A956057D16EC492A00404D15 /* DetailViewController.xib */ = {
			isa = PBXVariantGroup;
			children = (
				A956057E16EC492A00404D15 /* en */,
			);
			name = DetailViewController.xib;
			sourceTree = "<group>";
		};
		A956058F16EC492A00404D15 /* InfoPlist.strings */ = {
			isa = PBXVariantGroup;
			children = (
				A956059016EC492A00404D15 /* en */,
			);
			name = InfoPlist.strings;
			sourceTree = "<group>";
		};
/* End PBXVariantGroup section */

/* Begin XCBuildConfiguration section */
		A956059516EC492B00404D15 /* Debug */ = {
			isa = XCBuildConfiguration;
			buildSettings = {
				ALWAYS_SEARCH_USER_PATHS = NO;
				CLANG_CXX_LANGUAGE_STANDARD = "gnu++0x";
				CLANG_CXX_LIBRARY = "libc++";
				CLANG_WARN_CONSTANT_CONVERSION = YES;
				CLANG_WARN_EMPTY_BODY = YES;
				CLANG_WARN_ENUM_CONVERSION = YES;
				CLANG_WARN_INT_CONVERSION = YES;
				CLANG_WARN__DUPLICATE_METHOD_MATCH = YES;
				"CODE_SIGN_IDENTITY[sdk=iphoneos*]" = "iPhone Developer";
				COPY_PHASE_STRIP = NO;
				GCC_C_LANGUAGE_STANDARD = gnu99;
				GCC_DYNAMIC_NO_PIC = NO;
				GCC_OPTIMIZATION_LEVEL = 0;
				GCC_PREPROCESSOR_DEFINITIONS = (
					"DEBUG=1",
					"$(inherited)",
				);
				GCC_SYMBOLS_PRIVATE_EXTERN = NO;
				GCC_WARN_ABOUT_RETURN_TYPE = YES;
				GCC_WARN_UNINITIALIZED_AUTOS = YES;
				GCC_WARN_UNUSED_VARIABLE = YES;
				HEADER_SEARCH_PATHS = (
					"$(BUILT_PRODUCTS_DIR)/../three20",
					"$(BUILT_PRODUCTS_DIR)/../../three20",
					../three20/Build/Products/three20,
				);
				IPHONEOS_DEPLOYMENT_TARGET = 6.1;
				ONLY_ACTIVE_ARCH = YES;
				OTHER_LDFLAGS = "-ObjC";
				SDKROOT = iphoneos;
			};
			name = Debug;
		};
		A956059616EC492B00404D15 /* Release */ = {
			isa = XCBuildConfiguration;
			buildSettings = {
				ALWAYS_SEARCH_USER_PATHS = NO;
				CLANG_CXX_LANGUAGE_STANDARD = "gnu++0x";
				CLANG_CXX_LIBRARY = "libc++";
				CLANG_WARN_CONSTANT_CONVERSION = YES;
				CLANG_WARN_EMPTY_BODY = YES;
				CLANG_WARN_ENUM_CONVERSION = YES;
				CLANG_WARN_INT_CONVERSION = YES;
				CLANG_WARN__DUPLICATE_METHOD_MATCH = YES;
				"CODE_SIGN_IDENTITY[sdk=iphoneos*]" = "iPhone Developer";
				COPY_PHASE_STRIP = YES;
				GCC_C_LANGUAGE_STANDARD = gnu99;
				GCC_WARN_ABOUT_RETURN_TYPE = YES;
				GCC_WARN_UNINITIALIZED_AUTOS = YES;
				GCC_WARN_UNUSED_VARIABLE = YES;
				HEADER_SEARCH_PATHS = (
					"$(BUILT_PRODUCTS_DIR)/../three20",
					"$(BUILT_PRODUCTS_DIR)/../../three20",
					../three20/Build/Products/three20,
				);
				IPHONEOS_DEPLOYMENT_TARGET = 6.1;
				OTHER_CFLAGS = "-DNS_BLOCK_ASSERTIONS=1";
				OTHER_LDFLAGS = "-ObjC";
				SDKROOT = iphoneos;
				VALIDATE_PRODUCT = YES;
			};
			name = Release;
		};
		A956059816EC492B00404D15 /* Debug */ = {
			isa = XCBuildConfiguration;
			buildSettings = {
				GCC_PRECOMPILE_PREFIX_HEADER = YES;
				GCC_PREFIX_HEADER = "ModalGroupContacts/ModalGroupContacts-Prefix.pch";
				INFOPLIST_FILE = "ModalGroupContacts/ModalGroupContacts-Info.plist";
				PRODUCT_NAME = "$(TARGET_NAME)";
				WRAPPER_EXTENSION = app;
			};
			name = Debug;
		};
		A956059916EC492B00404D15 /* Release */ = {
			isa = XCBuildConfiguration;
			buildSettings = {
				GCC_PRECOMPILE_PREFIX_HEADER = YES;
				GCC_PREFIX_HEADER = "ModalGroupContacts/ModalGroupContacts-Prefix.pch";
				INFOPLIST_FILE = "ModalGroupContacts/ModalGroupContacts-Info.plist";
				PRODUCT_NAME = "$(TARGET_NAME)";
				WRAPPER_EXTENSION = app;
			};
			name = Release;
		};
		A956059B16EC492B00404D15 /* Debug */ = {
			isa = XCBuildConfiguration;
			buildSettings = {
				BUNDLE_LOADER = "$(BUILT_PRODUCTS_DIR)/ModalGroupContacts.app/ModalGroupContacts";
				FRAMEWORK_SEARCH_PATHS = (
					"\"$(SDKROOT)/Developer/Library/Frameworks\"",
					"\"$(DEVELOPER_LIBRARY_DIR)/Frameworks\"",
				);
				GCC_PRECOMPILE_PREFIX_HEADER = YES;
				GCC_PREFIX_HEADER = "ModalGroupContacts/ModalGroupContacts-Prefix.pch";
				INFOPLIST_FILE = "ModalGroupContactsTests/ModalGroupContactsTests-Info.plist";
				PRODUCT_NAME = "$(TARGET_NAME)";
				TEST_HOST = "$(BUNDLE_LOADER)";
				WRAPPER_EXTENSION = octest;
			};
			name = Debug;
		};
		A956059C16EC492B00404D15 /* Release */ = {
			isa = XCBuildConfiguration;
			buildSettings = {
				BUNDLE_LOADER = "$(BUILT_PRODUCTS_DIR)/ModalGroupContacts.app/ModalGroupContacts";
				FRAMEWORK_SEARCH_PATHS = (
					"\"$(SDKROOT)/Developer/Library/Frameworks\"",
					"\"$(DEVELOPER_LIBRARY_DIR)/Frameworks\"",
				);
				GCC_PRECOMPILE_PREFIX_HEADER = YES;
				GCC_PREFIX_HEADER = "ModalGroupContacts/ModalGroupContacts-Prefix.pch";
				INFOPLIST_FILE = "ModalGroupContactsTests/ModalGroupContactsTests-Info.plist";
				PRODUCT_NAME = "$(TARGET_NAME)";
				TEST_HOST = "$(BUNDLE_LOADER)";
				WRAPPER_EXTENSION = octest;
			};
			name = Release;
		};
/* End XCBuildConfiguration section */

/* Begin XCConfigurationList section */
		A956055416EC492A00404D15 /* Build configuration list for PBXProject "ModalGroupContacts" */ = {
			isa = XCConfigurationList;
			buildConfigurations = (
				A956059516EC492B00404D15 /* Debug */,
				A956059616EC492B00404D15 /* Release */,
			);
			defaultConfigurationIsVisible = 0;
			defaultConfigurationName = Release;
		};
		A956059716EC492B00404D15 /* Build configuration list for PBXNativeTarget "ModalGroupContacts" */ = {
			isa = XCConfigurationList;
			buildConfigurations = (
				A956059816EC492B00404D15 /* Debug */,
				A956059916EC492B00404D15 /* Release */,
			);
			defaultConfigurationIsVisible = 0;
			defaultConfigurationName = Release;
		};
		A956059A16EC492B00404D15 /* Build configuration list for PBXNativeTarget "ModalGroupContactsTests" */ = {
			isa = XCConfigurationList;
			buildConfigurations = (
				A956059B16EC492B00404D15 /* Debug */,
				A956059C16EC492B00404D15 /* Release */,
			);
			defaultConfigurationIsVisible = 0;
			defaultConfigurationName = Release;
		};
/* End XCConfigurationList section */
	};
	rootObject = A956055116EC492A00404D15 /* Project object */;
}
